// !$*UTF8*$!
{
	archiveVersion = 1;
	classes = {
	};
	objectVersion = 50;
	objects = {

/* Begin PBXBuildFile section */
		0F229DE820D779E400FC791D /* AppDelegate.m in Sources */ = {isa = PBXBuildFile; fileRef = 0F229DE720D779E400FC791D /* AppDelegate.m */; };
		0F229DEB20D779E400FC791D /* ViewController.m in Sources */ = {isa = PBXBuildFile; fileRef = 0F229DEA20D779E400FC791D /* ViewController.m */; };
		0F229DEE20D779E400FC791D /* Main.storyboard in Resources */ = {isa = PBXBuildFile; fileRef = 0F229DEC20D779E400FC791D /* Main.storyboard */; };
		0F229DF020D779E600FC791D /* Assets.xcassets in Resources */ = {isa = PBXBuildFile; fileRef = 0F229DEF20D779E600FC791D /* Assets.xcassets */; };
		0F229DF320D779E600FC791D /* LaunchScreen.storyboard in Resources */ = {isa = PBXBuildFile; fileRef = 0F229DF120D779E600FC791D /* LaunchScreen.storyboard */; };
		0F229DF620D779E600FC791D /* main.m in Sources */ = {isa = PBXBuildFile; fileRef = 0F229DF520D779E600FC791D /* main.m */; };
		0F229DFE20D77B9300FC791D /* ScheduleViewController.m in Sources */ = {isa = PBXBuildFile; fileRef = 0F229DFD20D77B9300FC791D /* ScheduleViewController.m */; };
/* End PBXBuildFile section */

/* Begin PBXFileReference section */
		0F229DE320D779E400FC791D /* CalendarFrontEnd.app */ = {isa = PBXFileReference; explicitFileType = wrapper.application; includeInIndex = 0; path = CalendarFrontEnd.app; sourceTree = BUILT_PRODUCTS_DIR; };
		0F229DE620D779E400FC791D /* AppDelegate.h */ = {isa = PBXFileReference; lastKnownFileType = sourcecode.c.h; path = AppDelegate.h; sourceTree = "<group>"; };
		0F229DE720D779E400FC791D /* AppDelegate.m */ = {isa = PBXFileReference; lastKnownFileType = sourcecode.c.objc; path = AppDelegate.m; sourceTree = "<group>"; };
		0F229DE920D779E400FC791D /* ViewController.h */ = {isa = PBXFileReference; lastKnownFileType = sourcecode.c.h; path = ViewController.h; sourceTree = "<group>"; };
		0F229DEA20D779E400FC791D /* ViewController.m */ = {isa = PBXFileReference; lastKnownFileType = sourcecode.c.objc; path = ViewController.m; sourceTree = "<group>"; };
		0F229DED20D779E400FC791D /* Base */ = {isa = PBXFileReference; lastKnownFileType = file.storyboard; name = Base; path = Base.lproj/Main.storyboard; sourceTree = "<group>"; };
		0F229DEF20D779E600FC791D /* Assets.xcassets */ = {isa = PBXFileReference; lastKnownFileType = folder.assetcatalog; path = Assets.xcassets; sourceTree = "<group>"; };
		0F229DF220D779E600FC791D /* Base */ = {isa = PBXFileReference; lastKnownFileType = file.storyboard; name = Base; path = Base.lproj/LaunchScreen.storyboard; sourceTree = "<group>"; };
		0F229DF420D779E600FC791D /* Info.plist */ = {isa = PBXFileReference; lastKnownFileType = text.plist.xml; path = Info.plist; sourceTree = "<group>"; };
		0F229DF520D779E600FC791D /* main.m */ = {isa = PBXFileReference; lastKnownFileType = sourcecode.c.objc; path = main.m; sourceTree = "<group>"; };
		0F229DFC20D77B9300FC791D /* ScheduleViewController.h */ = {isa = PBXFileReference; lastKnownFileType = sourcecode.c.h; path = ScheduleViewController.h; sourceTree = "<group>"; };
		0F229DFD20D77B9300FC791D /* ScheduleViewController.m */ = {isa = PBXFileReference; lastKnownFileType = sourcecode.c.objc; path = ScheduleViewController.m; sourceTree = "<group>"; };
/* End PBXFileReference section */

/* Begin PBXFrameworksBuildPhase section */
		0F229DE020D779E400FC791D /* Frameworks */ = {
			isa = PBXFrameworksBuildPhase;
			buildActionMask = 2147483647;
			files = (
			);
			runOnlyForDeploymentPostprocessing = 0;
		};
/* End PBXFrameworksBuildPhase section */

/* Begin PBXGroup section */
		0F229DDA20D779E400FC791D = {
			isa = PBXGroup;
			children = (
				0F229DE520D779E400FC791D /* CalendarFrontEnd */,
				0F229DE420D779E400FC791D /* Products */,
			);
			sourceTree = "<group>";
		};
		0F229DE420D779E400FC791D /* Products */ = {
			isa = PBXGroup;
			children = (
				0F229DE320D779E400FC791D /* CalendarFrontEnd.app */,
			);
			name = Products;
			sourceTree = "<group>";
		};
		0F229DE520D779E400FC791D /* CalendarFrontEnd */ = {
			isa = PBXGroup;
			children = (
				0F229DE620D779E400FC791D /* AppDelegate.h */,
				0F229DE720D779E400FC791D /* AppDelegate.m */,
				0F229DE920D779E400FC791D /* ViewController.h */,
				0F229DEA20D779E400FC791D /* ViewController.m */,
				0F229DFC20D77B9300FC791D /* ScheduleViewController.h */,
				0F229DFD20D77B9300FC791D /* ScheduleViewController.m */,
				0F229DEC20D779E400FC791D /* Main.storyboard */,
				0F229DEF20D779E600FC791D /* Assets.xcassets */,
				0F229DF120D779E600FC791D /* LaunchScreen.storyboard */,
				0F229DF420D779E600FC791D /* Info.plist */,
				0F229DF520D779E600FC791D /* main.m */,
			);
			path = CalendarFrontEnd;
			sourceTree = "<group>";
		};
/* End PBXGroup section */

/* Begin PBXNativeTarget section */
		0F229DE220D779E400FC791D /* CalendarFrontEnd */ = {
			isa = PBXNativeTarget;
			buildConfigurationList = 0F229DF920D779E600FC791D /* Build configuration list for PBXNativeTarget "CalendarFrontEnd" */;
			buildPhases = (
				0F229DDF20D779E400FC791D /* Sources */,
				0F229DE020D779E400FC791D /* Frameworks */,
				0F229DE120D779E400FC791D /* Resources */,
			);
			buildRules = (
			);
			dependencies = (
			);
			name = CalendarFrontEnd;
			productName = CalendarFrontEnd;
			productReference = 0F229DE320D779E400FC791D /* CalendarFrontEnd.app */;
			productType = "com.apple.product-type.application";
		};
/* End PBXNativeTarget section */

/* Begin PBXProject section */
		0F229DDB20D779E400FC791D /* Project object */ = {
			isa = PBXProject;
			attributes = {
				LastUpgradeCheck = 0940;
				ORGANIZATIONNAME = jamestouri;
				TargetAttributes = {
					0F229DE220D779E400FC791D = {
						CreatedOnToolsVersion = 9.4.1;
					};
				};
			};
			buildConfigurationList = 0F229DDE20D779E400FC791D /* Build configuration list for PBXProject "CalendarFrontEnd" */;
			compatibilityVersion = "Xcode 9.3";
			developmentRegion = en;
			hasScannedForEncodings = 0;
			knownRegions = (
				en,
				Base,
			);
			mainGroup = 0F229DDA20D779E400FC791D;
			productRefGroup = 0F229DE420D779E400FC791D /* Products */;
			projectDirPath = "";
			projectRoot = "";
			targets = (
				0F229DE220D779E400FC791D /* CalendarFrontEnd */,
			);
		};
/* End PBXProject section */

/* Begin PBXResourcesBuildPhase section */
		0F229DE120D779E400FC791D /* Resources */ = {
			isa = PBXResourcesBuildPhase;
			buildActionMask = 2147483647;
			files = (
				0F229DF320D779E600FC791D /* LaunchScreen.storyboard in Resources */,
				0F229DF020D779E600FC791D /* Assets.xcassets in Resources */,
				0F229DEE20D779E400FC791D /* Main.storyboard in Resources */,
			);
			runOnlyForDeploymentPostprocessing = 0;
		};
/* End PBXResourcesBuildPhase section */

/* Begin PBXSourcesBuildPhase section */
		0F229DDF20D779E400FC791D /* Sources */ = {
			isa = PBXSourcesBuildPhase;
			buildActionMask = 2147483647;
			files = (
				0F229DFE20D77B9300FC791D /* ScheduleViewController.m in Sources */,
				0F229DEB20D779E400FC791D /* ViewController.m in Sources */,
				0F229DF620D779E600FC791D /* main.m in Sources */,
				0F229DE820D779E400FC791D /* AppDelegate.m in Sources */,
			);
			runOnlyForDeploymentPostprocessing = 0;
		};
/* End PBXSourcesBuildPhase section */

/* Begin PBXVariantGroup section */
		0F229DEC20D779E400FC791D /* Main.storyboard */ = {
			isa = PBXVariantGroup;
			children = (
				0F229DED20D779E400FC791D /* Base */,
			);
			name = Main.storyboard;
			sourceTree = "<group>";
		};
		0F229DF120D779E600FC791D /* LaunchScreen.storyboard */ = {
			isa = PBXVariantGroup;
			children = (
				0F229DF220D779E600FC791D /* Base */,
			);
			name = LaunchScreen.storyboard;
			sourceTree = "<group>";
		};
/* End PBXVariantGroup section */

/* Begin XCBuildConfiguration section */
		0F229DF720D779E600FC791D /* Debug */ = {
			isa = XCBuildConfiguration;
			buildSettings = {
				ALWAYS_SEARCH_USER_PATHS = NO;
				CLANG_ANALYZER_NONNULL = YES;
				CLANG_ANALYZER_NUMBER_OBJECT_CONVERSION = YES_AGGRESSIVE;
				CLANG_CXX_LANGUAGE_STANDARD = "gnu++14";
				CLANG_CXX_LIBRARY = "libc++";
				CLANG_ENABLE_MODULES = YES;
				CLANG_ENABLE_OBJC_ARC = YES;
				CLANG_ENABLE_OBJC_WEAK = YES;
				CLANG_WARN_BLOCK_CAPTURE_AUTORELEASING = YES;
				CLANG_WARN_BOOL_CONVERSION = YES;
				CLANG_WARN_COMMA = YES;
				CLANG_WARN_CONSTANT_CONVERSION = YES;
				CLANG_WARN_DEPRECATED_OBJC_IMPLEMENTATIONS = YES;
				CLANG_WARN_DIRECT_OBJC_ISA_USAGE = YES_ERROR;
				CLANG_WARN_DOCUMENTATION_COMMENTS = YES;
				CLANG_WARN_EMPTY_BODY = YES;
				CLANG_WARN_ENUM_CONVERSION = YES;
				CLANG_WARN_INFINITE_RECURSION = YES;
				CLANG_WARN_INT_CONVERSION = YES;
				CLANG_WARN_NON_LITERAL_NULL_CONVERSION = YES;
				CLANG_WARN_OBJC_IMPLICIT_RETAIN_SELF = YES;
				CLANG_WARN_OBJC_LITERAL_CONVERSION = YES;
				CLANG_WARN_OBJC_ROOT_CLASS = YES_ERROR;
				CLANG_WARN_RANGE_LOOP_ANALYSIS = YES;
				CLANG_WARN_STRICT_PROTOTYPES = YES;
				CLANG_WARN_SUSPICIOUS_MOVE = YES;
				CLANG_WARN_UNGUARDED_AVAILABILITY = YES_AGGRESSIVE;
				CLANG_WARN_UNREACHABLE_CODE = YES;
				CLANG_WARN__DUPLICATE_METHOD_MATCH = YES;
				CODE_SIGN_IDENTITY = "iPhone Developer";
				COPY_PHASE_STRIP = NO;
				DEBUG_INFORMATION_FORMAT = dwarf;
				ENABLE_STRICT_OBJC_MSGSEND = YES;
				ENABLE_TESTABILITY = YES;
				GCC_C_LANGUAGE_STANDARD = gnu11;
				GCC_DYNAMIC_NO_PIC = NO;
				GCC_NO_COMMON_BLOCKS = YES;
				GCC_OPTIMIZATION_LEVEL = 0;
				GCC_PREPROCESSOR_DEFINITIONS = (
					"DEBUG=1",
					"$(inherited)",
				);
				GCC_WARN_64_TO_32_BIT_CONVERSION = YES;
				GCC_WARN_ABOUT_RETURN_TYPE = YES_ERROR;
				GCC_WARN_UNDECLARED_SELECTOR = YES;
				GCC_WARN_UNINITIALIZED_AUTOS = YES_AGGRESSIVE;
				GCC_WARN_UNUSED_FUNCTION = YES;
				GCC_WARN_UNUSED_VARIABLE = YES;
				IPHONEOS_DEPLOYMENT_TARGET = 11.4;
				MTL_ENABLE_DEBUG_INFO = YES;
				ONLY_ACTIVE_ARCH = YES;
				SDKROOT = iphoneos;
			};
			name = Debug;
		};
		0F229DF820D779E600FC791D /* Release */ = {
			isa = XCBuildConfiguration;
			buildSettings = {
				ALWAYS_SEARCH_USER_PATHS = NO;
				CLANG_ANALYZER_NONNULL = YES;
				CLANG_ANALYZER_NUMBER_OBJECT_CONVERSION = YES_AGGRESSIVE;
				CLANG_CXX_LANGUAGE_STANDARD = "gnu++14";
				CLANG_CXX_LIBRARY = "libc++";
				CLANG_ENABLE_MODULES = YES;
				CLANG_ENABLE_OBJC_ARC = YES;
				CLANG_ENABLE_OBJC_WEAK = YES;
				CLANG_WARN_BLOCK_CAPTURE_AUTORELEASING = YES;
				CLANG_WARN_BOOL_CONVERSION = YES;
				CLANG_WARN_COMMA = YES;
				CLANG_WARN_CONSTANT_CONVERSION = YES;
				CLANG_WARN_DEPRECATED_OBJC_IMPLEMENTATIONS = YES;
				CLANG_WARN_DIRECT_OBJC_ISA_USAGE = YES_ERROR;
				CLANG_WARN_DOCUMENTATION_COMMENTS = YES;
				CLANG_WARN_EMPTY_BODY = YES;
				CLANG_WARN_ENUM_CONVERSION = YES;
				CLANG_WARN_INFINITE_RECURSION = YES;
				CLANG_WARN_INT_CONVERSION = YES;
				CLANG_WARN_NON_LITERAL_NULL_CONVERSION = YES;
				CLANG_WARN_OBJC_IMPLICIT_RETAIN_SELF = YES;
				CLANG_WARN_OBJC_LITERAL_CONVERSION = YES;
				CLANG_WARN_OBJC_ROOT_CLASS = YES_ERROR;
				CLANG_WARN_RANGE_LOOP_ANALYSIS = YES;
				CLANG_WARN_STRICT_PROTOTYPES = YES;
				CLANG_WARN_SUSPICIOUS_MOVE = YES;
				CLANG_WARN_UNGUARDED_AVAILABILITY = YES_AGGRESSIVE;
				CLANG_WARN_UNREACHABLE_CODE = YES;
				CLANG_WARN__DUPLICATE_METHOD_MATCH = YES;
				CODE_SIGN_IDENTITY = "iPhone Developer";
				COPY_PHASE_STRIP = NO;
				DEBUG_INFORMATION_FORMAT = "dwarf-with-dsym";
				ENABLE_NS_ASSERTIONS = NO;
				ENABLE_STRICT_OBJC_MSGSEND = YES;
				GCC_C_LANGUAGE_STANDARD = gnu11;
				GCC_NO_COMMON_BLOCKS = YES;
				GCC_WARN_64_TO_32_BIT_CONVERSION = YES;
				GCC_WARN_ABOUT_RETURN_TYPE = YES_ERROR;
				GCC_WARN_UNDECLARED_SELECTOR = YES;
				GCC_WARN_UNINITIALIZED_AUTOS = YES_AGGRESSIVE;
				GCC_WARN_UNUSED_FUNCTION = YES;
				GCC_WARN_UNUSED_VARIABLE = YES;
				IPHONEOS_DEPLOYMENT_TARGET = 11.4;
				MTL_ENABLE_DEBUG_INFO = NO;
				SDKROOT = iphoneos;
				VALIDATE_PRODUCT = YES;
			};
			name = Release;
		};
		0F229DFA20D779E600FC791D /* Debug */ = {
			isa = XCBuildConfiguration;
			buildSettings = {
				ASSETCATALOG_COMPILER_APPICON_NAME = AppIcon;
				CODE_SIGN_STYLE = Automatic;
				DEVELOPMENT_TEAM = 5Q3EAA7695;
				INFOPLIST_FILE = CalendarFrontEnd/Info.plist;
				LD_RUNPATH_SEARCH_PATHS = (
					"$(inherited)",
					"@executable_path/Frameworks",
				);
				PRODUCT_BUNDLE_IDENTIFIER = jamestouri.CalendarFrontEnd;
				PRODUCT_NAME = "$(TARGET_NAME)";
				TARGETED_DEVICE_FAMILY = "1,2";
			};
			name = Debug;
		};
		0F229DFB20D779E600FC791D /* Release */ = {
			isa = XCBuildConfiguration;
			buildSettings = {
				ASSETCATALOG_COMPILER_APPICON_NAME = AppIcon;
				CODE_SIGN_STYLE = Automatic;
				DEVELOPMENT_TEAM = 5Q3EAA7695;
				INFOPLIST_FILE = CalendarFrontEnd/Info.plist;
				LD_RUNPATH_SEARCH_PATHS = (
					"$(inherited)",
					"@executable_path/Frameworks",
				);
				PRODUCT_BUNDLE_IDENTIFIER = jamestouri.CalendarFrontEnd;
				PRODUCT_NAME = "$(TARGET_NAME)";
				TARGETED_DEVICE_FAMILY = "1,2";
			};
			name = Release;
		};
/* End XCBuildConfiguration section */

/* Begin XCConfigurationList section */
		0F229DDE20D779E400FC791D /* Build configuration list for PBXProject "CalendarFrontEnd" */ = {
			isa = XCConfigurationList;
			buildConfigurations = (
				0F229DF720D779E600FC791D /* Debug */,
				0F229DF820D779E600FC791D /* Release */,
			);
			defaultConfigurationIsVisible = 0;
			defaultConfigurationName = Release;
		};
		0F229DF920D779E600FC791D /* Build configuration list for PBXNativeTarget "CalendarFrontEnd" */ = {
			isa = XCConfigurationList;
			buildConfigurations = (
				0F229DFA20D779E600FC791D /* Debug */,
				0F229DFB20D779E600FC791D /* Release */,
			);
			defaultConfigurationIsVisible = 0;
			defaultConfigurationName = Release;
		};
/* End XCConfigurationList section */
	};
	rootObject = 0F229DDB20D779E400FC791D /* Project object */;
}
